// !$*UTF8*$!
{
	archiveVersion = 1;
	classes = {
	};
	objectVersion = 46;
	objects = {

/* Begin PBXBuildFile section */
		2DCDC3AD1AF9E05C004E8091 /* AppDelegate.swift in Sources */ = {isa = PBXBuildFile; fileRef = 2DCDC3AC1AF9E05C004E8091 /* AppDelegate.swift */; };
		2DCDC3AF1AF9E05C004E8091 /* ViewController.swift in Sources */ = {isa = PBXBuildFile; fileRef = 2DCDC3AE1AF9E05C004E8091 /* ViewController.swift */; };
		2DCDC3B21AF9E05C004E8091 /* Main.storyboard in Resources */ = {isa = PBXBuildFile; fileRef = 2DCDC3B01AF9E05C004E8091 /* Main.storyboard */; };
		2DCDC3B41AF9E05C004E8091 /* Images.xcassets in Resources */ = {isa = PBXBuildFile; fileRef = 2DCDC3B31AF9E05C004E8091 /* Images.xcassets */; };
		2DCDC3B71AF9E05C004E8091 /* LaunchScreen.xib in Resources */ = {isa = PBXBuildFile; fileRef = 2DCDC3B51AF9E05C004E8091 /* LaunchScreen.xib */; };
		2DCDC3C31AF9E05D004E8091 /* Search_Display_ControllerTests.swift in Sources */ = {isa = PBXBuildFile; fileRef = 2DCDC3C21AF9E05D004E8091 /* Search_Display_ControllerTests.swift */; };
		2DCDC3CD1AF9E07D004E8091 /* SearchTableViewController.swift in Sources */ = {isa = PBXBuildFile; fileRef = 2DCDC3CC1AF9E07D004E8091 /* SearchTableViewController.swift */; };
/* End PBXBuildFile section */

/* Begin PBXContainerItemProxy section */
		2DCDC3BD1AF9E05D004E8091 /* PBXContainerItemProxy */ = {
			isa = PBXContainerItemProxy;
			containerPortal = 2DCDC39F1AF9E05C004E8091 /* Project object */;
			proxyType = 1;
			remoteGlobalIDString = 2DCDC3A61AF9E05C004E8091;
			remoteInfo = "Search Display Controller";
		};
/* End PBXContainerItemProxy section */

/* Begin PBXFileReference section */
		2DCDC3A71AF9E05C004E8091 /* Search Display Controller.app */ = {isa = PBXFileReference; explicitFileType = wrapper.application; includeInIndex = 0; path = "Search Display Controller.app"; sourceTree = BUILT_PRODUCTS_DIR; };
		2DCDC3AB1AF9E05C004E8091 /* Info.plist */ = {isa = PBXFileReference; lastKnownFileType = text.plist.xml; path = Info.plist; sourceTree = "<group>"; };
		2DCDC3AC1AF9E05C004E8091 /* AppDelegate.swift */ = {isa = PBXFileReference; lastKnownFileType = sourcecode.swift; path = AppDelegate.swift; sourceTree = "<group>"; };
		2DCDC3AE1AF9E05C004E8091 /* ViewController.swift */ = {isa = PBXFileReference; lastKnownFileType = sourcecode.swift; path = ViewController.swift; sourceTree = "<group>"; };
		2DCDC3B11AF9E05C004E8091 /* Base */ = {isa = PBXFileReference; lastKnownFileType = file.storyboard; name = Base; path = Base.lproj/Main.storyboard; sourceTree = "<group>"; };
		2DCDC3B31AF9E05C004E8091 /* Images.xcassets */ = {isa = PBXFileReference; lastKnownFileType = folder.assetcatalog; path = Images.xcassets; sourceTree = "<group>"; };
		2DCDC3B61AF9E05C004E8091 /* Base */ = {isa = PBXFileReference; lastKnownFileType = file.xib; name = Base; path = Base.lproj/LaunchScreen.xib; sourceTree = "<group>"; };
		2DCDC3BC1AF9E05D004E8091 /* Search Display ControllerTests.xctest */ = {isa = PBXFileReference; explicitFileType = wrapper.cfbundle; includeInIndex = 0; path = "Search Display ControllerTests.xctest"; sourceTree = BUILT_PRODUCTS_DIR; };
		2DCDC3C11AF9E05D004E8091 /* Info.plist */ = {isa = PBXFileReference; lastKnownFileType = text.plist.xml; path = Info.plist; sourceTree = "<group>"; };
		2DCDC3C21AF9E05D004E8091 /* Search_Display_ControllerTests.swift */ = {isa = PBXFileReference; lastKnownFileType = sourcecode.swift; path = Search_Display_ControllerTests.swift; sourceTree = "<group>"; };
		2DCDC3CC1AF9E07D004E8091 /* SearchTableViewController.swift */ = {isa = PBXFileReference; fileEncoding = 4; lastKnownFileType = sourcecode.swift; path = SearchTableViewController.swift; sourceTree = "<group>"; };
/* End PBXFileReference section */

/* Begin PBXFrameworksBuildPhase section */
		2DCDC3A41AF9E05C004E8091 /* Frameworks */ = {
			isa = PBXFrameworksBuildPhase;
			buildActionMask = 2147483647;
			files = (
			);
			runOnlyForDeploymentPostprocessing = 0;
		};
		2DCDC3B91AF9E05D004E8091 /* Frameworks */ = {
			isa = PBXFrameworksBuildPhase;
			buildActionMask = 2147483647;
			files = (
			);
			runOnlyForDeploymentPostprocessing = 0;
		};
/* End PBXFrameworksBuildPhase section */

/* Begin PBXGroup section */
		2DCDC39E1AF9E05C004E8091 = {
			isa = PBXGroup;
			children = (
				2DCDC3A91AF9E05C004E8091 /* Search Display Controller */,
				2DCDC3BF1AF9E05D004E8091 /* Search Display ControllerTests */,
				2DCDC3A81AF9E05C004E8091 /* Products */,
			);
			sourceTree = "<group>";
		};
		2DCDC3A81AF9E05C004E8091 /* Products */ = {
			isa = PBXGroup;
			children = (
				2DCDC3A71AF9E05C004E8091 /* Search Display Controller.app */,
				2DCDC3BC1AF9E05D004E8091 /* Search Display ControllerTests.xctest */,
			);
			name = Products;
			sourceTree = "<group>";
		};
		2DCDC3A91AF9E05C004E8091 /* Search Display Controller */ = {
			isa = PBXGroup;
			children = (
				2DCDC3AC1AF9E05C004E8091 /* AppDelegate.swift */,
				2DCDC3AE1AF9E05C004E8091 /* ViewController.swift */,
				2DCDC3CC1AF9E07D004E8091 /* SearchTableViewController.swift */,
				2DCDC3B01AF9E05C004E8091 /* Main.storyboard */,
				2DCDC3B31AF9E05C004E8091 /* Images.xcassets */,
				2DCDC3B51AF9E05C004E8091 /* LaunchScreen.xib */,
				2DCDC3AA1AF9E05C004E8091 /* Supporting Files */,
			);
			path = "Search Display Controller";
			sourceTree = "<group>";
		};
		2DCDC3AA1AF9E05C004E8091 /* Supporting Files */ = {
			isa = PBXGroup;
			children = (
				2DCDC3AB1AF9E05C004E8091 /* Info.plist */,
			);
			name = "Supporting Files";
			sourceTree = "<group>";
		};
		2DCDC3BF1AF9E05D004E8091 /* Search Display ControllerTests */ = {
			isa = PBXGroup;
			children = (
				2DCDC3C21AF9E05D004E8091 /* Search_Display_ControllerTests.swift */,
				2DCDC3C01AF9E05D004E8091 /* Supporting Files */,
			);
			path = "Search Display ControllerTests";
			sourceTree = "<group>";
		};
		2DCDC3C01AF9E05D004E8091 /* Supporting Files */ = {
			isa = PBXGroup;
			children = (
				2DCDC3C11AF9E05D004E8091 /* Info.plist */,
			);
			name = "Supporting Files";
			sourceTree = "<group>";
		};
/* End PBXGroup section */

/* Begin PBXNativeTarget section */
		2DCDC3A61AF9E05C004E8091 /* Search Display Controller */ = {
			isa = PBXNativeTarget;
			buildConfigurationList = 2DCDC3C61AF9E05D004E8091 /* Build configuration list for PBXNativeTarget "Search Display Controller" */;
			buildPhases = (
				2DCDC3A31AF9E05C004E8091 /* Sources */,
				2DCDC3A41AF9E05C004E8091 /* Frameworks */,
				2DCDC3A51AF9E05C004E8091 /* Resources */,
			);
			buildRules = (
			);
			dependencies = (
			);
			name = "Search Display Controller";
			productName = "Search Display Controller";
			productReference = 2DCDC3A71AF9E05C004E8091 /* Search Display Controller.app */;
			productType = "com.apple.product-type.application";
		};
		2DCDC3BB1AF9E05D004E8091 /* Search Display ControllerTests */ = {
			isa = PBXNativeTarget;
			buildConfigurationList = 2DCDC3C91AF9E05D004E8091 /* Build configuration list for PBXNativeTarget "Search Display ControllerTests" */;
			buildPhases = (
				2DCDC3B81AF9E05D004E8091 /* Sources */,
				2DCDC3B91AF9E05D004E8091 /* Frameworks */,
				2DCDC3BA1AF9E05D004E8091 /* Resources */,
			);
			buildRules = (
			);
			dependencies = (
				2DCDC3BE1AF9E05D004E8091 /* PBXTargetDependency */,
			);
			name = "Search Display ControllerTests";
			productName = "Search Display ControllerTests";
			productReference = 2DCDC3BC1AF9E05D004E8091 /* Search Display ControllerTests.xctest */;
			productType = "com.apple.product-type.bundle.unit-test";
		};
/* End PBXNativeTarget section */

/* Begin PBXProject section */
		2DCDC39F1AF9E05C004E8091 /* Project object */ = {
			isa = PBXProject;
			attributes = {
				LastUpgradeCheck = 0630;
				ORGANIZATIONNAME = wiserkuo;
				TargetAttributes = {
					2DCDC3A61AF9E05C004E8091 = {
						CreatedOnToolsVersion = 6.3;
					};
					2DCDC3BB1AF9E05D004E8091 = {
						CreatedOnToolsVersion = 6.3;
						TestTargetID = 2DCDC3A61AF9E05C004E8091;
					};
				};
			};
			buildConfigurationList = 2DCDC3A21AF9E05C004E8091 /* Build configuration list for PBXProject "Search Display Controller" */;
			compatibilityVersion = "Xcode 3.2";
			developmentRegion = English;
			hasScannedForEncodings = 0;
			knownRegions = (
				en,
				Base,
			);
			mainGroup = 2DCDC39E1AF9E05C004E8091;
			productRefGroup = 2DCDC3A81AF9E05C004E8091 /* Products */;
			projectDirPath = "";
			projectRoot = "";
			targets = (
				2DCDC3A61AF9E05C004E8091 /* Search Display Controller */,
				2DCDC3BB1AF9E05D004E8091 /* Search Display ControllerTests */,
			);
		};
/* End PBXProject section */

/* Begin PBXResourcesBuildPhase section */
		2DCDC3A51AF9E05C004E8091 /* Resources */ = {
			isa = PBXResourcesBuildPhase;
			buildActionMask = 2147483647;
			files = (
				2DCDC3B21AF9E05C004E8091 /* Main.storyboard in Resources */,
				2DCDC3B71AF9E05C004E8091 /* LaunchScreen.xib in Resources */,
				2DCDC3B41AF9E05C004E8091 /* Images.xcassets in Resources */,
			);
			runOnlyForDeploymentPostprocessing = 0;
		};
		2DCDC3BA1AF9E05D004E8091 /* Resources */ = {
			isa = PBXResourcesBuildPhase;
			buildActionMask = 2147483647;
			files = (
			);
			runOnlyForDeploymentPostprocessing = 0;
		};
/* End PBXResourcesBuildPhase section */

/* Begin PBXSourcesBuildPhase section */
		2DCDC3A31AF9E05C004E8091 /* Sources */ = {
			isa = PBXSourcesBuildPhase;
			buildActionMask = 2147483647;
			files = (
				2DCDC3AF1AF9E05C004E8091 /* ViewController.swift in Sources */,
				2DCDC3CD1AF9E07D004E8091 /* SearchTableViewController.swift in Sources */,
				2DCDC3AD1AF9E05C004E8091 /* AppDelegate.swift in Sources */,
			);
			runOnlyForDeploymentPostprocessing = 0;
		};
		2DCDC3B81AF9E05D004E8091 /* Sources */ = {
			isa = PBXSourcesBuildPhase;
			buildActionMask = 2147483647;
			files = (
				2DCDC3C31AF9E05D004E8091 /* Search_Display_ControllerTests.swift in Sources */,
			);
			runOnlyForDeploymentPostprocessing = 0;
		};
/* End PBXSourcesBuildPhase section */

/* Begin PBXTargetDependency section */
		2DCDC3BE1AF9E05D004E8091 /* PBXTargetDependency */ = {
			isa = PBXTargetDependency;
			target = 2DCDC3A61AF9E05C004E8091 /* Search Display Controller */;
			targetProxy = 2DCDC3BD1AF9E05D004E8091 /* PBXContainerItemProxy */;
		};
/* End PBXTargetDependency section */

/* Begin PBXVariantGroup section */
		2DCDC3B01AF9E05C004E8091 /* Main.storyboard */ = {
			isa = PBXVariantGroup;
			children = (
				2DCDC3B11AF9E05C004E8091 /* Base */,
			);
			name = Main.storyboard;
			sourceTree = "<group>";
		};
		2DCDC3B51AF9E05C004E8091 /* LaunchScreen.xib */ = {
			isa = PBXVariantGroup;
			children = (
				2DCDC3B61AF9E05C004E8091 /* Base */,
			);
			name = LaunchScreen.xib;
			sourceTree = "<group>";
		};
/* End PBXVariantGroup section */

/* Begin XCBuildConfiguration section */
		2DCDC3C41AF9E05D004E8091 /* Debug */ = {
			isa = XCBuildConfiguration;
			buildSettings = {
				ALWAYS_SEARCH_USER_PATHS = NO;
				CLANG_CXX_LANGUAGE_STANDARD = "gnu++0x";
				CLANG_CXX_LIBRARY = "libc++";
				CLANG_ENABLE_MODULES = YES;
				CLANG_ENABLE_OBJC_ARC = YES;
				CLANG_WARN_BOOL_CONVERSION = YES;
				CLANG_WARN_CONSTANT_CONVERSION = YES;
				CLANG_WARN_DIRECT_OBJC_ISA_USAGE = YES_ERROR;
				CLANG_WARN_EMPTY_BODY = YES;
				CLANG_WARN_ENUM_CONVERSION = YES;
				CLANG_WARN_INT_CONVERSION = YES;
				CLANG_WARN_OBJC_ROOT_CLASS = YES_ERROR;
				CLANG_WARN_UNREACHABLE_CODE = YES;
				CLANG_WARN__DUPLICATE_METHOD_MATCH = YES;
				"CODE_SIGN_IDENTITY[sdk=iphoneos*]" = "iPhone Developer";
				COPY_PHASE_STRIP = NO;
				DEBUG_INFORMATION_FORMAT = "dwarf-with-dsym";
				ENABLE_STRICT_OBJC_MSGSEND = YES;
				GCC_C_LANGUAGE_STANDARD = gnu99;
				GCC_DYNAMIC_NO_PIC = NO;
				GCC_NO_COMMON_BLOCKS = YES;
				GCC_OPTIMIZATION_LEVEL = 0;
				GCC_PREPROCESSOR_DEFINITIONS = (
					"DEBUG=1",
					"$(inherited)",
				);
				GCC_SYMBOLS_PRIVATE_EXTERN = NO;
				GCC_WARN_64_TO_32_BIT_CONVERSION = YES;
				GCC_WARN_ABOUT_RETURN_TYPE = YES_ERROR;
				GCC_WARN_UNDECLARED_SELECTOR = YES;
				GCC_WARN_UNINITIALIZED_AUTOS = YES_AGGRESSIVE;
				GCC_WARN_UNUSED_FUNCTION = YES;
				GCC_WARN_UNUSED_VARIABLE = YES;
				IPHONEOS_DEPLOYMENT_TARGET = 8.3;
				MTL_ENABLE_DEBUG_INFO = YES;
				ONLY_ACTIVE_ARCH = YES;
				SDKROOT = iphoneos;
				SWIFT_OPTIMIZATION_LEVEL = "-Onone";
			};
			name = Debug;
		};
		2DCDC3C51AF9E05D004E8091 /* Release */ = {
			isa = XCBuildConfiguration;
			buildSettings = {
				ALWAYS_SEARCH_USER_PATHS = NO;
				CLANG_CXX_LANGUAGE_STANDARD = "gnu++0x";
				CLANG_CXX_LIBRARY = "libc++";
				CLANG_ENABLE_MODULES = YES;
				CLANG_ENABLE_OBJC_ARC = YES;
				CLANG_WARN_BOOL_CONVERSION = YES;
				CLANG_WARN_CONSTANT_CONVERSION = YES;
				CLANG_WARN_DIRECT_OBJC_ISA_USAGE = YES_ERROR;
				CLANG_WARN_EMPTY_BODY = YES;
				CLANG_WARN_ENUM_CONVERSION = YES;
				CLANG_WARN_INT_CONVERSION = YES;
				CLANG_WARN_OBJC_ROOT_CLASS = YES_ERROR;
				CLANG_WARN_UNREACHABLE_CODE = YES;
				CLANG_WARN__DUPLICATE_METHOD_MATCH = YES;
				"CODE_SIGN_IDENTITY[sdk=iphoneos*]" = "iPhone Developer";
				COPY_PHASE_STRIP = NO;
				DEBUG_INFORMATION_FORMAT = "dwarf-with-dsym";
				ENABLE_NS_ASSERTIONS = NO;
				ENABLE_STRICT_OBJC_MSGSEND = YES;
				GCC_C_LANGUAGE_STANDARD = gnu99;
				GCC_NO_COMMON_BLOCKS = YES;
				GCC_WARN_64_TO_32_BIT_CONVERSION = YES;
				GCC_WARN_ABOUT_RETURN_TYPE = YES_ERROR;
				GCC_WARN_UNDECLARED_SELECTOR = YES;
				GCC_WARN_UNINITIALIZED_AUTOS = YES_AGGRESSIVE;
				GCC_WARN_UNUSED_FUNCTION = YES;
				GCC_WARN_UNUSED_VARIABLE = YES;
				IPHONEOS_DEPLOYMENT_TARGET = 8.3;
				MTL_ENABLE_DEBUG_INFO = NO;
				SDKROOT = iphoneos;
				VALIDATE_PRODUCT = YES;
			};
			name = Release;
		};
		2DCDC3C71AF9E05D004E8091 /* Debug */ = {
			isa = XCBuildConfiguration;
			buildSettings = {
				ASSETCATALOG_COMPILER_APPICON_NAME = AppIcon;
				INFOPLIST_FILE = "Search Display Controller/Info.plist";
				IPHONEOS_DEPLOYMENT_TARGET = 7.1;
				LD_RUNPATH_SEARCH_PATHS = "$(inherited) @executable_path/Frameworks";
				PRODUCT_NAME = "$(TARGET_NAME)";
			};
			name = Debug;
		};
		2DCDC3C81AF9E05D004E8091 /* Release */ = {
			isa = XCBuildConfiguration;
			buildSettings = {
				ASSETCATALOG_COMPILER_APPICON_NAME = AppIcon;
				INFOPLIST_FILE = "Search Display Controller/Info.plist";
				IPHONEOS_DEPLOYMENT_TARGET = 7.1;
				LD_RUNPATH_SEARCH_PATHS = "$(inherited) @executable_path/Frameworks";
				PRODUCT_NAME = "$(TARGET_NAME)";
			};
			name = Release;
		};
		2DCDC3CA1AF9E05D004E8091 /* Debug */ = {
			isa = XCBuildConfiguration;
			buildSettings = {
				BUNDLE_LOADER = "$(TEST_HOST)";
				FRAMEWORK_SEARCH_PATHS = (
					"$(SDKROOT)/Developer/Library/Frameworks",
					"$(inherited)",
				);
				GCC_PREPROCESSOR_DEFINITIONS = (
					"DEBUG=1",
					"$(inherited)",
				);
				INFOPLIST_FILE = "Search Display ControllerTests/Info.plist";
				LD_RUNPATH_SEARCH_PATHS = "$(inherited) @executable_path/Frameworks @loader_path/Frameworks";
				PRODUCT_NAME = "$(TARGET_NAME)";
				TEST_HOST = "$(BUILT_PRODUCTS_DIR)/Search Display Controller.app/Search Display Controller";
			};
			name = Debug;
		};
		2DCDC3CB1AF9E05D004E8091 /* Release */ = {
			isa = XCBuildConfiguration;
			buildSettings = {
				BUNDLE_LOADER = "$(TEST_HOST)";
				FRAMEWORK_SEARCH_PATHS = (
					"$(SDKROOT)/Developer/Library/Frameworks",
					"$(inherited)",
				);
				INFOPLIST_FILE = "Search Display ControllerTests/Info.plist";
				LD_RUNPATH_SEARCH_PATHS = "$(inherited) @executable_path/Frameworks @loader_path/Frameworks";
				PRODUCT_NAME = "$(TARGET_NAME)";
				TEST_HOST = "$(BUILT_PRODUCTS_DIR)/Search Display Controller.app/Search Display Controller";
			};
			name = Release;
		};
/* End XCBuildConfiguration section */

/* Begin XCConfigurationList section */
		2DCDC3A21AF9E05C004E8091 /* Build configuration list for PBXProject "Search Display Controller" */ = {
			isa = XCConfigurationList;
			buildConfigurations = (
				2DCDC3C41AF9E05D004E8091 /* Debug */,
				2DCDC3C51AF9E05D004E8091 /* Release */,
			);
			defaultConfigurationIsVisible = 0;
			defaultConfigurationName = Release;
		};
		2DCDC3C61AF9E05D004E8091 /* Build configuration list for PBXNativeTarget "Search Display Controller" */ = {
			isa = XCConfigurationList;
			buildConfigurations = (
				2DCDC3C71AF9E05D004E8091 /* Debug */,
				2DCDC3C81AF9E05D004E8091 /* Release */,
			);
			defaultConfigurationIsVisible = 0;
		};
		2DCDC3C91AF9E05D004E8091 /* Build configuration list for PBXNativeTarget "Search Display ControllerTests" */ = {
			isa = XCConfigurationList;
			buildConfigurations = (
				2DCDC3CA1AF9E05D004E8091 /* Debug */,
				2DCDC3CB1AF9E05D004E8091 /* Release */,
			);
			defaultConfigurationIsVisible = 0;
		};
/* End XCConfigurationList section */
	};
	rootObject = 2DCDC39F1AF9E05C004E8091 /* Project object */;
}
